github.com/Sloaix/opencc v0.0.1 h1:uUZ+65wgVrD1urTWOecu+9fQu+HiEwBrNMPbwBXAcVU=
github.com/Sloaix/opencc v0.0.1/go.mod h1:gkTsCig9S0LMSiUiupLkcBoEDaIgBE5HINbb7WCMCrw=
github.com/buger/jsonparser v1.1.1 h1:2PnMjfWD7wBILjqQbt530v576A/cAbQvEW9gGIpYMUs=
github.com/buger/jsonparser v1.1.1/go.mod h1:6RYKKt7H4d4+iWqouImQ9R2FZql3VbhNgx27UK13J/0=
github.com/mattn/go-sqlite3 v1.14.8 h1:gDp86IdQsN/xWjIEmr9MF6o9mpksUgh0fu+9ByFxzIU=
github.com/mattn/go-sqlite3 v1.14.8/go.mod h1:NyWgC/yNuGj7Q9rpYnZvas74GogHl5/Z4A/KQRfk6bU=
